
Microsoft Visual Studio Solution File, Format Version 12.00
# Visual Studio 15
VisualStudioVersion = 15.0.28307.572
MinimumVisualStudioVersion = 10.0.40219.1
Project("{FAE04EC0-301F-11D3-BF4B-00C04F79EFBC}") = "ClipPurSEditionBuilder", "ClipPurSEditionBuilder\ClipPurSEditionBuilder.csproj", "{2095436A-E580-4CFF-B78B-72A2A625C980}"
EndProject
Global
	GlobalSection(SolutionConfigurationPlatforms) = preSolution
		Debug|Any CPU = Debug|Any CPU
		Release|Any CPU = Release|Any CPU
	EndGlobalSection
	GlobalSection(ProjectConfigurationPlatforms) = postSolution
		{2095436A-E580-4CFF-B78B-72A2A625C980}.Debug|Any CPU.ActiveCfg = Debug|Any CPU
		{2095436A-E580-4CFF-B78B-72A2A625C980}.Debug|Any CPU.Build.0 = Debug|Any CPU
		{2095436A-E580-4CFF-B78B-72A2A625C980}.Release|Any CPU.ActiveCfg = Release|Any CPU
		{2095436A-E580-4CFF-B78B-72A2A625C980}.Release|Any CPU.Build.0 = Release|Any CPU
	EndGlobalSection
	GlobalSection(SolutionProperties) = preSolution
		HideSolutionNode = FALSE
	EndGlobalSection
	GlobalSection(ExtensibilityGlobals) = postSolution
		SolutionGuid = {6F47F8B2-6F32-4F28-9E2D-83FE5D201D09}
	EndGlobalSection
EndGlobal
